
Microsoft Visual Studio Solution File, Format Version 12.00
# Visual Studio Version 17
VisualStudioVersion = 17.8.34408.163
MinimumVisualStudioVersion = 10.0.40219.1
Project("{FAE04EC0-301F-11D3-BF4B-00C04F79EFBC}") = "002.Projeto_Exercicio", "002.Projeto_Exercicio\002.Projeto_Exercicio.csproj", "{34E58381-80D5-43EA-9BED-7455D0E2941D}"
EndProject
Global
	GlobalSection(SolutionConfigurationPlatforms) = preSolution
		Debug|Any CPU = Debug|Any CPU
		Release|Any CPU = Release|Any CPU
	EndGlobalSection
	GlobalSection(ProjectConfigurationPlatforms) = postSolution
		{34E58381-80D5-43EA-9BED-7455D0E2941D}.Debug|Any CPU.ActiveCfg = Debug|Any CPU
		{34E58381-80D5-43EA-9BED-7455D0E2941D}.Debug|Any CPU.Build.0 = Debug|Any CPU
		{34E58381-80D5-43EA-9BED-7455D0E2941D}.Release|Any CPU.ActiveCfg = Release|Any CPU
		{34E58381-80D5-43EA-9BED-7455D0E2941D}.Release|Any CPU.Build.0 = Release|Any CPU
	EndGlobalSection
	GlobalSection(SolutionProperties) = preSolution
		HideSolutionNode = FALSE
	EndGlobalSection
	GlobalSection(ExtensibilityGlobals) = postSolution
		SolutionGuid = {5954FA73-BC01-4312-8564-F27714907729}
	EndGlobalSection
EndGlobal
